
Microsoft Visual Studio Solution File, Format Version 12.00
# Visual Studio 15
VisualStudioVersion = 15.0.28307.1169
MinimumVisualStudioVersion = 10.0.40219.1
Project("{FAE04EC0-301F-11D3-BF4B-00C04F79EFBC}") = "Login_test", "Login_test\Login_test.csproj", "{433721DC-44B1-4E82-A891-5A052CBD832F}"
EndProject
Project("{FAE04EC0-301F-11D3-BF4B-00C04F79EFBC}") = "Binding", "Binding\Binding.csproj", "{488CE650-9281-4429-A80E-F1061D6D3D60}"
EndProject
Project("{FAE04EC0-301F-11D3-BF4B-00C04F79EFBC}") = "NGLayer", "NGLayer\NGLayer.csproj", "{0515E980-CDF2-43F1-B459-260A855B9AE5}"
EndProject
Global
	GlobalSection(SolutionConfigurationPlatforms) = preSolution
		Debug|Any CPU = Debug|Any CPU
		Release|Any CPU = Release|Any CPU
	EndGlobalSection
	GlobalSection(ProjectConfigurationPlatforms) = postSolution
		{433721DC-44B1-4E82-A891-5A052CBD832F}.Debug|Any CPU.ActiveCfg = Debug|Any CPU
		{433721DC-44B1-4E82-A891-5A052CBD832F}.Debug|Any CPU.Build.0 = Debug|Any CPU
		{433721DC-44B1-4E82-A891-5A052CBD832F}.Release|Any CPU.ActiveCfg = Release|Any CPU
		{433721DC-44B1-4E82-A891-5A052CBD832F}.Release|Any CPU.Build.0 = Release|Any CPU
		{488CE650-9281-4429-A80E-F1061D6D3D60}.Debug|Any CPU.ActiveCfg = Debug|Any CPU
		{488CE650-9281-4429-A80E-F1061D6D3D60}.Debug|Any CPU.Build.0 = Debug|Any CPU
		{488CE650-9281-4429-A80E-F1061D6D3D60}.Release|Any CPU.ActiveCfg = Release|Any CPU
		{488CE650-9281-4429-A80E-F1061D6D3D60}.Release|Any CPU.Build.0 = Release|Any CPU
		{0515E980-CDF2-43F1-B459-260A855B9AE5}.Debug|Any CPU.ActiveCfg = Debug|Any CPU
		{0515E980-CDF2-43F1-B459-260A855B9AE5}.Debug|Any CPU.Build.0 = Debug|Any CPU
		{0515E980-CDF2-43F1-B459-260A855B9AE5}.Release|Any CPU.ActiveCfg = Release|Any CPU
		{0515E980-CDF2-43F1-B459-260A855B9AE5}.Release|Any CPU.Build.0 = Release|Any CPU
	EndGlobalSection
	GlobalSection(SolutionProperties) = preSolution
		HideSolutionNode = FALSE
	EndGlobalSection
	GlobalSection(ExtensibilityGlobals) = postSolution
		SolutionGuid = {05941874-5ACB-4F93-9DAF-03BCB6D60695}
	EndGlobalSection
EndGlobal
